// !$*UTF8*$!
{
	archiveVersion = 1;
	classes = {
	};
	objectVersion = 46;
	objects = {

/* Begin PBXBuildFile section */
		4F3A517F1955847300211DC5 /* Foundation.framework in Frameworks */ = {isa = PBXBuildFile; fileRef = 4F3A517E1955847300211DC5 /* Foundation.framework */; };
		4F3A51811955847300211DC5 /* CoreGraphics.framework in Frameworks */ = {isa = PBXBuildFile; fileRef = 4F3A51801955847300211DC5 /* CoreGraphics.framework */; };
		4F3A51831955847300211DC5 /* UIKit.framework in Frameworks */ = {isa = PBXBuildFile; fileRef = 4F3A51821955847300211DC5 /* UIKit.framework */; };
		4F3A51891955847300211DC5 /* InfoPlist.strings in Resources */ = {isa = PBXBuildFile; fileRef = 4F3A51871955847300211DC5 /* InfoPlist.strings */; };
		4F3A518B1955847300211DC5 /* main.m in Sources */ = {isa = PBXBuildFile; fileRef = 4F3A518A1955847300211DC5 /* main.m */; };
		4F3A518F1955847300211DC5 /* dragAppDelegate.m in Sources */ = {isa = PBXBuildFile; fileRef = 4F3A518E1955847300211DC5 /* dragAppDelegate.m */; };
		4F3A51921955847300211DC5 /* Main.storyboard in Resources */ = {isa = PBXBuildFile; fileRef = 4F3A51901955847300211DC5 /* Main.storyboard */; };
		4F3A51951955847300211DC5 /* dragViewController.m in Sources */ = {isa = PBXBuildFile; fileRef = 4F3A51941955847300211DC5 /* dragViewController.m */; };
		4F3A51971955847300211DC5 /* Images.xcassets in Resources */ = {isa = PBXBuildFile; fileRef = 4F3A51961955847300211DC5 /* Images.xcassets */; };
		4F3A519E1955847300211DC5 /* XCTest.framework in Frameworks */ = {isa = PBXBuildFile; fileRef = 4F3A519D1955847300211DC5 /* XCTest.framework */; };
		4F3A519F1955847300211DC5 /* Foundation.framework in Frameworks */ = {isa = PBXBuildFile; fileRef = 4F3A517E1955847300211DC5 /* Foundation.framework */; };
		4F3A51A01955847300211DC5 /* UIKit.framework in Frameworks */ = {isa = PBXBuildFile; fileRef = 4F3A51821955847300211DC5 /* UIKit.framework */; };
		4F3A51A81955847300211DC5 /* InfoPlist.strings in Resources */ = {isa = PBXBuildFile; fileRef = 4F3A51A61955847300211DC5 /* InfoPlist.strings */; };
		4F3A51AA1955847300211DC5 /* draggableViewTests.m in Sources */ = {isa = PBXBuildFile; fileRef = 4F3A51A91955847300211DC5 /* draggableViewTests.m */; };
		4F3A51B5195584B800211DC5 /* dragView.m in Sources */ = {isa = PBXBuildFile; fileRef = 4F3A51B4195584B800211DC5 /* dragView.m */; };
/* End PBXBuildFile section */

/* Begin PBXContainerItemProxy section */
		4F3A51A11955847300211DC5 /* PBXContainerItemProxy */ = {
			isa = PBXContainerItemProxy;
			containerPortal = 4F3A51731955847200211DC5 /* Project object */;
			proxyType = 1;
			remoteGlobalIDString = 4F3A517A1955847300211DC5;
			remoteInfo = draggableView;
		};
/* End PBXContainerItemProxy section */

/* Begin PBXFileReference section */
		4F3A517B1955847300211DC5 /* draggableView.app */ = {isa = PBXFileReference; explicitFileType = wrapper.application; includeInIndex = 0; path = draggableView.app; sourceTree = BUILT_PRODUCTS_DIR; };
		4F3A517E1955847300211DC5 /* Foundation.framework */ = {isa = PBXFileReference; lastKnownFileType = wrapper.framework; name = Foundation.framework; path = System/Library/Frameworks/Foundation.framework; sourceTree = SDKROOT; };
		4F3A51801955847300211DC5 /* CoreGraphics.framework */ = {isa = PBXFileReference; lastKnownFileType = wrapper.framework; name = CoreGraphics.framework; path = System/Library/Frameworks/CoreGraphics.framework; sourceTree = SDKROOT; };
		4F3A51821955847300211DC5 /* UIKit.framework */ = {isa = PBXFileReference; lastKnownFileType = wrapper.framework; name = UIKit.framework; path = System/Library/Frameworks/UIKit.framework; sourceTree = SDKROOT; };
		4F3A51861955847300211DC5 /* draggableView-Info.plist */ = {isa = PBXFileReference; lastKnownFileType = text.plist.xml; path = "draggableView-Info.plist"; sourceTree = "<group>"; };
		4F3A51881955847300211DC5 /* en */ = {isa = PBXFileReference; lastKnownFileType = text.plist.strings; name = en; path = en.lproj/InfoPlist.strings; sourceTree = "<group>"; };
		4F3A518A1955847300211DC5 /* main.m */ = {isa = PBXFileReference; lastKnownFileType = sourcecode.c.objc; path = main.m; sourceTree = "<group>"; };
		4F3A518C1955847300211DC5 /* draggableView-Prefix.pch */ = {isa = PBXFileReference; lastKnownFileType = sourcecode.c.h; path = "draggableView-Prefix.pch"; sourceTree = "<group>"; };
		4F3A518D1955847300211DC5 /* dragAppDelegate.h */ = {isa = PBXFileReference; lastKnownFileType = sourcecode.c.h; path = dragAppDelegate.h; sourceTree = "<group>"; };
		4F3A518E1955847300211DC5 /* dragAppDelegate.m */ = {isa = PBXFileReference; lastKnownFileType = sourcecode.c.objc; path = dragAppDelegate.m; sourceTree = "<group>"; };
		4F3A51911955847300211DC5 /* Base */ = {isa = PBXFileReference; lastKnownFileType = file.storyboard; name = Base; path = Base.lproj/Main.storyboard; sourceTree = "<group>"; };
		4F3A51931955847300211DC5 /* dragViewController.h */ = {isa = PBXFileReference; lastKnownFileType = sourcecode.c.h; path = dragViewController.h; sourceTree = "<group>"; };
		4F3A51941955847300211DC5 /* dragViewController.m */ = {isa = PBXFileReference; lastKnownFileType = sourcecode.c.objc; path = dragViewController.m; sourceTree = "<group>"; };
		4F3A51961955847300211DC5 /* Images.xcassets */ = {isa = PBXFileReference; lastKnownFileType = folder.assetcatalog; path = Images.xcassets; sourceTree = "<group>"; };
		4F3A519C1955847300211DC5 /* draggableViewTests.xctest */ = {isa = PBXFileReference; explicitFileType = wrapper.cfbundle; includeInIndex = 0; path = draggableViewTests.xctest; sourceTree = BUILT_PRODUCTS_DIR; };
		4F3A519D1955847300211DC5 /* XCTest.framework */ = {isa = PBXFileReference; lastKnownFileType = wrapper.framework; name = XCTest.framework; path = Library/Frameworks/XCTest.framework; sourceTree = DEVELOPER_DIR; };
		4F3A51A51955847300211DC5 /* draggableViewTests-Info.plist */ = {isa = PBXFileReference; lastKnownFileType = text.plist.xml; path = "draggableViewTests-Info.plist"; sourceTree = "<group>"; };
		4F3A51A71955847300211DC5 /* en */ = {isa = PBXFileReference; lastKnownFileType = text.plist.strings; name = en; path = en.lproj/InfoPlist.strings; sourceTree = "<group>"; };
		4F3A51A91955847300211DC5 /* draggableViewTests.m */ = {isa = PBXFileReference; lastKnownFileType = sourcecode.c.objc; path = draggableViewTests.m; sourceTree = "<group>"; };
		4F3A51B3195584B800211DC5 /* dragView.h */ = {isa = PBXFileReference; fileEncoding = 4; lastKnownFileType = sourcecode.c.h; path = dragView.h; sourceTree = "<group>"; };
		4F3A51B4195584B800211DC5 /* dragView.m */ = {isa = PBXFileReference; fileEncoding = 4; lastKnownFileType = sourcecode.c.objc; path = dragView.m; sourceTree = "<group>"; };
/* End PBXFileReference section */

/* Begin PBXFrameworksBuildPhase section */
		4F3A51781955847300211DC5 /* Frameworks */ = {
			isa = PBXFrameworksBuildPhase;
			buildActionMask = 2147483647;
			files = (
				4F3A51811955847300211DC5 /* CoreGraphics.framework in Frameworks */,
				4F3A51831955847300211DC5 /* UIKit.framework in Frameworks */,
				4F3A517F1955847300211DC5 /* Foundation.framework in Frameworks */,
			);
			runOnlyForDeploymentPostprocessing = 0;
		};
		4F3A51991955847300211DC5 /* Frameworks */ = {
			isa = PBXFrameworksBuildPhase;
			buildActionMask = 2147483647;
			files = (
				4F3A519E1955847300211DC5 /* XCTest.framework in Frameworks */,
				4F3A51A01955847300211DC5 /* UIKit.framework in Frameworks */,
				4F3A519F1955847300211DC5 /* Foundation.framework in Frameworks */,
			);
			runOnlyForDeploymentPostprocessing = 0;
		};
/* End PBXFrameworksBuildPhase section */

/* Begin PBXGroup section */
		4F3A51721955847200211DC5 = {
			isa = PBXGroup;
			children = (
				4F3A51841955847300211DC5 /* draggableView */,
				4F3A51A31955847300211DC5 /* draggableViewTests */,
				4F3A517D1955847300211DC5 /* Frameworks */,
				4F3A517C1955847300211DC5 /* Products */,
			);
			sourceTree = "<group>";
		};
		4F3A517C1955847300211DC5 /* Products */ = {
			isa = PBXGroup;
			children = (
				4F3A517B1955847300211DC5 /* draggableView.app */,
				4F3A519C1955847300211DC5 /* draggableViewTests.xctest */,
			);
			name = Products;
			sourceTree = "<group>";
		};
		4F3A517D1955847300211DC5 /* Frameworks */ = {
			isa = PBXGroup;
			children = (
				4F3A517E1955847300211DC5 /* Foundation.framework */,
				4F3A51801955847300211DC5 /* CoreGraphics.framework */,
				4F3A51821955847300211DC5 /* UIKit.framework */,
				4F3A519D1955847300211DC5 /* XCTest.framework */,
			);
			name = Frameworks;
			sourceTree = "<group>";
		};
		4F3A51841955847300211DC5 /* draggableView */ = {
			isa = PBXGroup;
			children = (
				4F3A518D1955847300211DC5 /* dragAppDelegate.h */,
				4F3A518E1955847300211DC5 /* dragAppDelegate.m */,
				4F3A51901955847300211DC5 /* Main.storyboard */,
				4F3A51B3195584B800211DC5 /* dragView.h */,
				4F3A51B4195584B800211DC5 /* dragView.m */,
				4F3A51931955847300211DC5 /* dragViewController.h */,
				4F3A51941955847300211DC5 /* dragViewController.m */,
				4F3A51961955847300211DC5 /* Images.xcassets */,
				4F3A51851955847300211DC5 /* Supporting Files */,
			);
			path = draggableView;
			sourceTree = "<group>";
		};
		4F3A51851955847300211DC5 /* Supporting Files */ = {
			isa = PBXGroup;
			children = (
				4F3A51861955847300211DC5 /* draggableView-Info.plist */,
				4F3A51871955847300211DC5 /* InfoPlist.strings */,
				4F3A518A1955847300211DC5 /* main.m */,
				4F3A518C1955847300211DC5 /* draggableView-Prefix.pch */,
			);
			name = "Supporting Files";
			sourceTree = "<group>";
		};
		4F3A51A31955847300211DC5 /* draggableViewTests */ = {
			isa = PBXGroup;
			children = (
				4F3A51A91955847300211DC5 /* draggableViewTests.m */,
				4F3A51A41955847300211DC5 /* Supporting Files */,
			);
			path = draggableViewTests;
			sourceTree = "<group>";
		};
		4F3A51A41955847300211DC5 /* Supporting Files */ = {
			isa = PBXGroup;
			children = (
				4F3A51A51955847300211DC5 /* draggableViewTests-Info.plist */,
				4F3A51A61955847300211DC5 /* InfoPlist.strings */,
			);
			name = "Supporting Files";
			sourceTree = "<group>";
		};
/* End PBXGroup section */

/* Begin PBXNativeTarget section */
		4F3A517A1955847300211DC5 /* draggableView */ = {
			isa = PBXNativeTarget;
			buildConfigurationList = 4F3A51AD1955847300211DC5 /* Build configuration list for PBXNativeTarget "draggableView" */;
			buildPhases = (
				4F3A51771955847300211DC5 /* Sources */,
				4F3A51781955847300211DC5 /* Frameworks */,
				4F3A51791955847300211DC5 /* Resources */,
			);
			buildRules = (
			);
			dependencies = (
			);
			name = draggableView;
			productName = draggableView;
			productReference = 4F3A517B1955847300211DC5 /* draggableView.app */;
			productType = "com.apple.product-type.application";
		};
		4F3A519B1955847300211DC5 /* draggableViewTests */ = {
			isa = PBXNativeTarget;
			buildConfigurationList = 4F3A51B01955847300211DC5 /* Build configuration list for PBXNativeTarget "draggableViewTests" */;
			buildPhases = (
				4F3A51981955847300211DC5 /* Sources */,
				4F3A51991955847300211DC5 /* Frameworks */,
				4F3A519A1955847300211DC5 /* Resources */,
			);
			buildRules = (
			);
			dependencies = (
				4F3A51A21955847300211DC5 /* PBXTargetDependency */,
			);
			name = draggableViewTests;
			productName = draggableViewTests;
			productReference = 4F3A519C1955847300211DC5 /* draggableViewTests.xctest */;
			productType = "com.apple.product-type.bundle.unit-test";
		};
/* End PBXNativeTarget section */

/* Begin PBXProject section */
		4F3A51731955847200211DC5 /* Project object */ = {
			isa = PBXProject;
			attributes = {
				CLASSPREFIX = drag;
				LastUpgradeCheck = 0510;
				ORGANIZATIONNAME = bdj;
				TargetAttributes = {
					4F3A519B1955847300211DC5 = {
						TestTargetID = 4F3A517A1955847300211DC5;
					};
				};
			};
			buildConfigurationList = 4F3A51761955847200211DC5 /* Build configuration list for PBXProject "draggableView" */;
			compatibilityVersion = "Xcode 3.2";
			developmentRegion = English;
			hasScannedForEncodings = 0;
			knownRegions = (
				en,
				Base,
			);
			mainGroup = 4F3A51721955847200211DC5;
			productRefGroup = 4F3A517C1955847300211DC5 /* Products */;
			projectDirPath = "";
			projectRoot = "";
			targets = (
				4F3A517A1955847300211DC5 /* draggableView */,
				4F3A519B1955847300211DC5 /* draggableViewTests */,
			);
		};
/* End PBXProject section */

/* Begin PBXResourcesBuildPhase section */
		4F3A51791955847300211DC5 /* Resources */ = {
			isa = PBXResourcesBuildPhase;
			buildActionMask = 2147483647;
			files = (
				4F3A51971955847300211DC5 /* Images.xcassets in Resources */,
				4F3A51891955847300211DC5 /* InfoPlist.strings in Resources */,
				4F3A51921955847300211DC5 /* Main.storyboard in Resources */,
			);
			runOnlyForDeploymentPostprocessing = 0;
		};
		4F3A519A1955847300211DC5 /* Resources */ = {
			isa = PBXResourcesBuildPhase;
			buildActionMask = 2147483647;
			files = (
				4F3A51A81955847300211DC5 /* InfoPlist.strings in Resources */,
			);
			runOnlyForDeploymentPostprocessing = 0;
		};
/* End PBXResourcesBuildPhase section */

/* Begin PBXSourcesBuildPhase section */
		4F3A51771955847300211DC5 /* Sources */ = {
			isa = PBXSourcesBuildPhase;
			buildActionMask = 2147483647;
			files = (
				4F3A518F1955847300211DC5 /* dragAppDelegate.m in Sources */,
				4F3A51951955847300211DC5 /* dragViewController.m in Sources */,
				4F3A51B5195584B800211DC5 /* dragView.m in Sources */,
				4F3A518B1955847300211DC5 /* main.m in Sources */,
			);
			runOnlyForDeploymentPostprocessing = 0;
		};
		4F3A51981955847300211DC5 /* Sources */ = {
			isa = PBXSourcesBuildPhase;
			buildActionMask = 2147483647;
			files = (
				4F3A51AA1955847300211DC5 /* draggableViewTests.m in Sources */,
			);
			runOnlyForDeploymentPostprocessing = 0;
		};
/* End PBXSourcesBuildPhase section */

/* Begin PBXTargetDependency section */
		4F3A51A21955847300211DC5 /* PBXTargetDependency */ = {
			isa = PBXTargetDependency;
			target = 4F3A517A1955847300211DC5 /* draggableView */;
			targetProxy = 4F3A51A11955847300211DC5 /* PBXContainerItemProxy */;
		};
/* End PBXTargetDependency section */

/* Begin PBXVariantGroup section */
		4F3A51871955847300211DC5 /* InfoPlist.strings */ = {
			isa = PBXVariantGroup;
			children = (
				4F3A51881955847300211DC5 /* en */,
			);
			name = InfoPlist.strings;
			sourceTree = "<group>";
		};
		4F3A51901955847300211DC5 /* Main.storyboard */ = {
			isa = PBXVariantGroup;
			children = (
				4F3A51911955847300211DC5 /* Base */,
			);
			name = Main.storyboard;
			sourceTree = "<group>";
		};
		4F3A51A61955847300211DC5 /* InfoPlist.strings */ = {
			isa = PBXVariantGroup;
			children = (
				4F3A51A71955847300211DC5 /* en */,
			);
			name = InfoPlist.strings;
			sourceTree = "<group>";
		};
/* End PBXVariantGroup section */

/* Begin XCBuildConfiguration section */
		4F3A51AB1955847300211DC5 /* Debug */ = {
			isa = XCBuildConfiguration;
			buildSettings = {
				ALWAYS_SEARCH_USER_PATHS = NO;
				CLANG_CXX_LANGUAGE_STANDARD = "gnu++0x";
				CLANG_CXX_LIBRARY = "libc++";
				CLANG_ENABLE_MODULES = YES;
				CLANG_ENABLE_OBJC_ARC = YES;
				CLANG_WARN_BOOL_CONVERSION = YES;
				CLANG_WARN_CONSTANT_CONVERSION = YES;
				CLANG_WARN_DIRECT_OBJC_ISA_USAGE = YES_ERROR;
				CLANG_WARN_EMPTY_BODY = YES;
				CLANG_WARN_ENUM_CONVERSION = YES;
				CLANG_WARN_INT_CONVERSION = YES;
				CLANG_WARN_OBJC_ROOT_CLASS = YES_ERROR;
				CLANG_WARN__DUPLICATE_METHOD_MATCH = YES;
				"CODE_SIGN_IDENTITY[sdk=iphoneos*]" = "iPhone Developer";
				COPY_PHASE_STRIP = NO;
				GCC_C_LANGUAGE_STANDARD = gnu99;
				GCC_DYNAMIC_NO_PIC = NO;
				GCC_OPTIMIZATION_LEVEL = 0;
				GCC_PREPROCESSOR_DEFINITIONS = (
					"DEBUG=1",
					"$(inherited)",
				);
				GCC_SYMBOLS_PRIVATE_EXTERN = NO;
				GCC_WARN_64_TO_32_BIT_CONVERSION = YES;
				GCC_WARN_ABOUT_RETURN_TYPE = YES_ERROR;
				GCC_WARN_UNDECLARED_SELECTOR = YES;
				GCC_WARN_UNINITIALIZED_AUTOS = YES_AGGRESSIVE;
				GCC_WARN_UNUSED_FUNCTION = YES;
				GCC_WARN_UNUSED_VARIABLE = YES;
				IPHONEOS_DEPLOYMENT_TARGET = 7.1;
				ONLY_ACTIVE_ARCH = YES;
				SDKROOT = iphoneos;
			};
			name = Debug;
		};
		4F3A51AC1955847300211DC5 /* Release */ = {
			isa = XCBuildConfiguration;
			buildSettings = {
				ALWAYS_SEARCH_USER_PATHS = NO;
				CLANG_CXX_LANGUAGE_STANDARD = "gnu++0x";
				CLANG_CXX_LIBRARY = "libc++";
				CLANG_ENABLE_MODULES = YES;
				CLANG_ENABLE_OBJC_ARC = YES;
				CLANG_WARN_BOOL_CONVERSION = YES;
				CLANG_WARN_CONSTANT_CONVERSION = YES;
				CLANG_WARN_DIRECT_OBJC_ISA_USAGE = YES_ERROR;
				CLANG_WARN_EMPTY_BODY = YES;
				CLANG_WARN_ENUM_CONVERSION = YES;
				CLANG_WARN_INT_CONVERSION = YES;
				CLANG_WARN_OBJC_ROOT_CLASS = YES_ERROR;
				CLANG_WARN__DUPLICATE_METHOD_MATCH = YES;
				"CODE_SIGN_IDENTITY[sdk=iphoneos*]" = "iPhone Developer";
				COPY_PHASE_STRIP = YES;
				ENABLE_NS_ASSERTIONS = NO;
				GCC_C_LANGUAGE_STANDARD = gnu99;
				GCC_WARN_64_TO_32_BIT_CONVERSION = YES;
				GCC_WARN_ABOUT_RETURN_TYPE = YES_ERROR;
				GCC_WARN_UNDECLARED_SELECTOR = YES;
				GCC_WARN_UNINITIALIZED_AUTOS = YES_AGGRESSIVE;
				GCC_WARN_UNUSED_FUNCTION = YES;
				GCC_WARN_UNUSED_VARIABLE = YES;
				IPHONEOS_DEPLOYMENT_TARGET = 7.1;
				SDKROOT = iphoneos;
				VALIDATE_PRODUCT = YES;
			};
			name = Release;
		};
		4F3A51AE1955847300211DC5 /* Debug */ = {
			isa = XCBuildConfiguration;
			buildSettings = {
				ASSETCATALOG_COMPILER_APPICON_NAME = AppIcon;
				ASSETCATALOG_COMPILER_LAUNCHIMAGE_NAME = LaunchImage;
				GCC_PRECOMPILE_PREFIX_HEADER = YES;
				GCC_PREFIX_HEADER = "draggableView/draggableView-Prefix.pch";
				INFOPLIST_FILE = "draggableView/draggableView-Info.plist";
				PRODUCT_NAME = "$(TARGET_NAME)";
				WRAPPER_EXTENSION = app;
			};
			name = Debug;
		};
		4F3A51AF1955847300211DC5 /* Release */ = {
			isa = XCBuildConfiguration;
			buildSettings = {
				ASSETCATALOG_COMPILER_APPICON_NAME = AppIcon;
				ASSETCATALOG_COMPILER_LAUNCHIMAGE_NAME = LaunchImage;
				GCC_PRECOMPILE_PREFIX_HEADER = YES;
				GCC_PREFIX_HEADER = "draggableView/draggableView-Prefix.pch";
				INFOPLIST_FILE = "draggableView/draggableView-Info.plist";
				PRODUCT_NAME = "$(TARGET_NAME)";
				WRAPPER_EXTENSION = app;
			};
			name = Release;
		};
		4F3A51B11955847300211DC5 /* Debug */ = {
			isa = XCBuildConfiguration;
			buildSettings = {
				BUNDLE_LOADER = "$(BUILT_PRODUCTS_DIR)/draggableView.app/draggableView";
				FRAMEWORK_SEARCH_PATHS = (
					"$(SDKROOT)/Developer/Library/Frameworks",
					"$(inherited)",
					"$(DEVELOPER_FRAMEWORKS_DIR)",
				);
				GCC_PRECOMPILE_PREFIX_HEADER = YES;
				GCC_PREFIX_HEADER = "draggableView/draggableView-Prefix.pch";
				GCC_PREPROCESSOR_DEFINITIONS = (
					"DEBUG=1",
					"$(inherited)",
				);
				INFOPLIST_FILE = "draggableViewTests/draggableViewTests-Info.plist";
				PRODUCT_NAME = "$(TARGET_NAME)";
				TEST_HOST = "$(BUNDLE_LOADER)";
				WRAPPER_EXTENSION = xctest;
			};
			name = Debug;
		};
		4F3A51B21955847300211DC5 /* Release */ = {
			isa = XCBuildConfiguration;
			buildSettings = {
				BUNDLE_LOADER = "$(BUILT_PRODUCTS_DIR)/draggableView.app/draggableView";
				FRAMEWORK_SEARCH_PATHS = (
					"$(SDKROOT)/Developer/Library/Frameworks",
					"$(inherited)",
					"$(DEVELOPER_FRAMEWORKS_DIR)",
				);
				GCC_PRECOMPILE_PREFIX_HEADER = YES;
				GCC_PREFIX_HEADER = "draggableView/draggableView-Prefix.pch";
				INFOPLIST_FILE = "draggableViewTests/draggableViewTests-Info.plist";
				PRODUCT_NAME = "$(TARGET_NAME)";
				TEST_HOST = "$(BUNDLE_LOADER)";
				WRAPPER_EXTENSION = xctest;
			};
			name = Release;
		};
/* End XCBuildConfiguration section */

/* Begin XCConfigurationList section */
		4F3A51761955847200211DC5 /* Build configuration list for PBXProject "draggableView" */ = {
			isa = XCConfigurationList;
			buildConfigurations = (
				4F3A51AB1955847300211DC5 /* Debug */,
				4F3A51AC1955847300211DC5 /* Release */,
			);
			defaultConfigurationIsVisible = 0;
			defaultConfigurationName = Release;
		};
		4F3A51AD1955847300211DC5 /* Build configuration list for PBXNativeTarget "draggableView" */ = {
			isa = XCConfigurationList;
			buildConfigurations = (
				4F3A51AE1955847300211DC5 /* Debug */,
				4F3A51AF1955847300211DC5 /* Release */,
			);
			defaultConfigurationIsVisible = 0;
		};
		4F3A51B01955847300211DC5 /* Build configuration list for PBXNativeTarget "draggableViewTests" */ = {
			isa = XCConfigurationList;
			buildConfigurations = (
				4F3A51B11955847300211DC5 /* Debug */,
				4F3A51B21955847300211DC5 /* Release */,
			);
			defaultConfigurationIsVisible = 0;
		};
/* End XCConfigurationList section */
	};
	rootObject = 4F3A51731955847200211DC5 /* Project object */;
}
